// !$*UTF8*$!
{
	archiveVersion = 1;
	classes = {
	};
	objectVersion = 56;
	objects = {

/* Begin PBXBuildFile section */
		15AD7D6D29F674CD00B4C511 /* FireBaseLearningApp.swift in Sources */ = {isa = PBXBuildFile; fileRef = 15AD7D6C29F674CD00B4C511 /* FireBaseLearningApp.swift */; };
		15AD7D7129F674CE00B4C511 /* Assets.xcassets in Resources */ = {isa = PBXBuildFile; fileRef = 15AD7D7029F674CE00B4C511 /* Assets.xcassets */; };
		15AD7D7429F674CE00B4C511 /* Preview Assets.xcassets in Resources */ = {isa = PBXBuildFile; fileRef = 15AD7D7329F674CE00B4C511 /* Preview Assets.xcassets */; };
		15F39D0F29F8EA5C00B0486B /* GoogleService-Info.plist in Resources */ = {isa = PBXBuildFile; fileRef = 15F39D0E29F8EA5C00B0486B /* GoogleService-Info.plist */; };
		15F39D1229F8EB8600B0486B /* FirebaseAnalytics in Frameworks */ = {isa = PBXBuildFile; productRef = 15F39D1129F8EB8600B0486B /* FirebaseAnalytics */; };
		15F39D1429F8EB8600B0486B /* FirebaseAnalyticsSwift in Frameworks */ = {isa = PBXBuildFile; productRef = 15F39D1329F8EB8600B0486B /* FirebaseAnalyticsSwift */; };
		15F39D1629F8EB8600B0486B /* FirebaseAnalyticsWithoutAdIdSupport in Frameworks */ = {isa = PBXBuildFile; productRef = 15F39D1529F8EB8600B0486B /* FirebaseAnalyticsWithoutAdIdSupport */; };
		15F39D1829F8EB8600B0486B /* FirebaseAuth in Frameworks */ = {isa = PBXBuildFile; productRef = 15F39D1729F8EB8600B0486B /* FirebaseAuth */; };
		15F39D1A29F8EBC100B0486B /* AppDelegate.swift in Sources */ = {isa = PBXBuildFile; fileRef = 15F39D1929F8EBC100B0486B /* AppDelegate.swift */; };
		15F39D1D29F8F94A00B0486B /* SignInView.swift in Sources */ = {isa = PBXBuildFile; fileRef = 15F39D1C29F8F94A00B0486B /* SignInView.swift */; };
		15F39D1F29F8FA5700B0486B /* EmailView.swift in Sources */ = {isa = PBXBuildFile; fileRef = 15F39D1E29F8FA5700B0486B /* EmailView.swift */; };
		15F39D2229F8FA8B00B0486B /* SignInViewModel.swift in Sources */ = {isa = PBXBuildFile; fileRef = 15F39D2129F8FA8B00B0486B /* SignInViewModel.swift */; };
		15F39D2529F8FAA000B0486B /* SignInModel.swift in Sources */ = {isa = PBXBuildFile; fileRef = 15F39D2429F8FAA000B0486B /* SignInModel.swift */; };
		15F39D2829F8FFAB00B0486B /* AuthManager.swift in Sources */ = {isa = PBXBuildFile; fileRef = 15F39D2729F8FFAB00B0486B /* AuthManager.swift */; };
		15F39D2A29F9081B00B0486B /* RootView.swift in Sources */ = {isa = PBXBuildFile; fileRef = 15F39D2929F9081B00B0486B /* RootView.swift */; };
		15F39D2C29F9087C00B0486B /* SignUpViewModel.swift in Sources */ = {isa = PBXBuildFile; fileRef = 15F39D2B29F9087C00B0486B /* SignUpViewModel.swift */; };
		15F39D2E29F90FEF00B0486B /* LogOutView.swift in Sources */ = {isa = PBXBuildFile; fileRef = 15F39D2D29F90FEF00B0486B /* LogOutView.swift */; };
		15F39D3029F9106400B0486B /* LogOutViewModel.swift in Sources */ = {isa = PBXBuildFile; fileRef = 15F39D2F29F9106400B0486B /* LogOutViewModel.swift */; };
/* End PBXBuildFile section */

/* Begin PBXFileReference section */
		15AD7D6929F674CD00B4C511 /* FireBaseLearning.app */ = {isa = PBXFileReference; explicitFileType = wrapper.application; includeInIndex = 0; path = FireBaseLearning.app; sourceTree = BUILT_PRODUCTS_DIR; };
		15AD7D6C29F674CD00B4C511 /* FireBaseLearningApp.swift */ = {isa = PBXFileReference; lastKnownFileType = sourcecode.swift; path = FireBaseLearningApp.swift; sourceTree = "<group>"; };
		15AD7D7029F674CE00B4C511 /* Assets.xcassets */ = {isa = PBXFileReference; lastKnownFileType = folder.assetcatalog; path = Assets.xcassets; sourceTree = "<group>"; };
		15AD7D7329F674CE00B4C511 /* Preview Assets.xcassets */ = {isa = PBXFileReference; lastKnownFileType = folder.assetcatalog; path = "Preview Assets.xcassets"; sourceTree = "<group>"; };
		15F39D0E29F8EA5C00B0486B /* GoogleService-Info.plist */ = {isa = PBXFileReference; fileEncoding = 4; lastKnownFileType = text.plist.xml; path = "GoogleService-Info.plist"; sourceTree = "<group>"; };
		15F39D1929F8EBC100B0486B /* AppDelegate.swift */ = {isa = PBXFileReference; lastKnownFileType = sourcecode.swift; path = AppDelegate.swift; sourceTree = "<group>"; };
		15F39D1C29F8F94A00B0486B /* SignInView.swift */ = {isa = PBXFileReference; lastKnownFileType = sourcecode.swift; path = SignInView.swift; sourceTree = "<group>"; };
		15F39D1E29F8FA5700B0486B /* EmailView.swift */ = {isa = PBXFileReference; lastKnownFileType = sourcecode.swift; path = EmailView.swift; sourceTree = "<group>"; };
		15F39D2129F8FA8B00B0486B /* SignInViewModel.swift */ = {isa = PBXFileReference; lastKnownFileType = sourcecode.swift; path = SignInViewModel.swift; sourceTree = "<group>"; };
		15F39D2429F8FAA000B0486B /* SignInModel.swift */ = {isa = PBXFileReference; lastKnownFileType = sourcecode.swift; path = SignInModel.swift; sourceTree = "<group>"; };
		15F39D2729F8FFAB00B0486B /* AuthManager.swift */ = {isa = PBXFileReference; lastKnownFileType = sourcecode.swift; path = AuthManager.swift; sourceTree = "<group>"; };
		15F39D2929F9081B00B0486B /* RootView.swift */ = {isa = PBXFileReference; lastKnownFileType = sourcecode.swift; path = RootView.swift; sourceTree = "<group>"; };
		15F39D2B29F9087C00B0486B /* SignUpViewModel.swift */ = {isa = PBXFileReference; lastKnownFileType = sourcecode.swift; path = SignUpViewModel.swift; sourceTree = "<group>"; };
		15F39D2D29F90FEF00B0486B /* LogOutView.swift */ = {isa = PBXFileReference; lastKnownFileType = sourcecode.swift; path = LogOutView.swift; sourceTree = "<group>"; };
		15F39D2F29F9106400B0486B /* LogOutViewModel.swift */ = {isa = PBXFileReference; lastKnownFileType = sourcecode.swift; path = LogOutViewModel.swift; sourceTree = "<group>"; };
/* End PBXFileReference section */

/* Begin PBXFrameworksBuildPhase section */
		15AD7D6629F674CD00B4C511 /* Frameworks */ = {
			isa = PBXFrameworksBuildPhase;
			buildActionMask = 2147483647;
			files = (
				15F39D1429F8EB8600B0486B /* FirebaseAnalyticsSwift in Frameworks */,
				15F39D1629F8EB8600B0486B /* FirebaseAnalyticsWithoutAdIdSupport in Frameworks */,
				15F39D1229F8EB8600B0486B /* FirebaseAnalytics in Frameworks */,
				15F39D1829F8EB8600B0486B /* FirebaseAuth in Frameworks */,
			);
			runOnlyForDeploymentPostprocessing = 0;
		};
/* End PBXFrameworksBuildPhase section */

/* Begin PBXGroup section */
		15AD7D6029F674CD00B4C511 = {
			isa = PBXGroup;
			children = (
				15AD7D6B29F674CD00B4C511 /* FireBaseLearning */,
				15AD7D6A29F674CD00B4C511 /* Products */,
			);
			sourceTree = "<group>";
		};
		15AD7D6A29F674CD00B4C511 /* Products */ = {
			isa = PBXGroup;
			children = (
				15AD7D6929F674CD00B4C511 /* FireBaseLearning.app */,
			);
			name = Products;
			sourceTree = "<group>";
		};
		15AD7D6B29F674CD00B4C511 /* FireBaseLearning */ = {
			isa = PBXGroup;
			children = (
				15F39D1929F8EBC100B0486B /* AppDelegate.swift */,
				15AD7D6C29F674CD00B4C511 /* FireBaseLearningApp.swift */,
				15F39D2629F8FF9900B0486B /* AuthManager */,
				15F39D2329F8FA8F00B0486B /* Model */,
				15F39D2029F8FA7600B0486B /* ViewModels */,
				15F39D1B29F8F93200B0486B /* Authentication */,
				15F39D0E29F8EA5C00B0486B /* GoogleService-Info.plist */,
				15AD7D7029F674CE00B4C511 /* Assets.xcassets */,
				15AD7D7229F674CE00B4C511 /* Preview Content */,
			);
			path = FireBaseLearning;
			sourceTree = "<group>";
		};
		15AD7D7229F674CE00B4C511 /* Preview Content */ = {
			isa = PBXGroup;
			children = (
				15AD7D7329F674CE00B4C511 /* Preview Assets.xcassets */,
			);
			path = "Preview Content";
			sourceTree = "<group>";
		};
		15F39D1B29F8F93200B0486B /* Authentication */ = {
			isa = PBXGroup;
			children = (
				15F39D1C29F8F94A00B0486B /* SignInView.swift */,
				15F39D1E29F8FA5700B0486B /* EmailView.swift */,
				15F39D2929F9081B00B0486B /* RootView.swift */,
				15F39D2D29F90FEF00B0486B /* LogOutView.swift */,
			);
			path = Authentication;
			sourceTree = "<group>";
		};
		15F39D2029F8FA7600B0486B /* ViewModels */ = {
			isa = PBXGroup;
			children = (
				15F39D2129F8FA8B00B0486B /* SignInViewModel.swift */,
				15F39D2B29F9087C00B0486B /* SignUpViewModel.swift */,
				15F39D2F29F9106400B0486B /* LogOutViewModel.swift */,
			);
			path = ViewModels;
			sourceTree = "<group>";
		};
		15F39D2329F8FA8F00B0486B /* Model */ = {
			isa = PBXGroup;
			children = (
				15F39D2429F8FAA000B0486B /* SignInModel.swift */,
			);
			path = Model;
			sourceTree = "<group>";
		};
		15F39D2629F8FF9900B0486B /* AuthManager */ = {
			isa = PBXGroup;
			children = (
				15F39D2729F8FFAB00B0486B /* AuthManager.swift */,
			);
			path = AuthManager;
			sourceTree = "<group>";
		};
/* End PBXGroup section */

/* Begin PBXNativeTarget section */
		15AD7D6829F674CD00B4C511 /* FireBaseLearning */ = {
			isa = PBXNativeTarget;
			buildConfigurationList = 15AD7D7729F674CE00B4C511 /* Build configuration list for PBXNativeTarget "FireBaseLearning" */;
			buildPhases = (
				15AD7D6529F674CD00B4C511 /* Sources */,
				15AD7D6629F674CD00B4C511 /* Frameworks */,
				15AD7D6729F674CD00B4C511 /* Resources */,
			);
			buildRules = (
			);
			dependencies = (
			);
			name = FireBaseLearning;
			packageProductDependencies = (
				15F39D1129F8EB8600B0486B /* FirebaseAnalytics */,
				15F39D1329F8EB8600B0486B /* FirebaseAnalyticsSwift */,
				15F39D1529F8EB8600B0486B /* FirebaseAnalyticsWithoutAdIdSupport */,
				15F39D1729F8EB8600B0486B /* FirebaseAuth */,
			);
			productName = FireBaseLearning;
			productReference = 15AD7D6929F674CD00B4C511 /* FireBaseLearning.app */;
			productType = "com.apple.product-type.application";
		};
/* End PBXNativeTarget section */

/* Begin PBXProject section */
		15AD7D6129F674CD00B4C511 /* Project object */ = {
			isa = PBXProject;
			attributes = {
				BuildIndependentTargetsInParallel = 1;
				LastSwiftUpdateCheck = 1430;
				LastUpgradeCheck = 1430;
				TargetAttributes = {
					15AD7D6829F674CD00B4C511 = {
						CreatedOnToolsVersion = 14.3;
					};
				};
			};
			buildConfigurationList = 15AD7D6429F674CD00B4C511 /* Build configuration list for PBXProject "FireBaseLearning" */;
			compatibilityVersion = "Xcode 14.0";
			developmentRegion = en;
			hasScannedForEncodings = 0;
			knownRegions = (
				en,
				Base,
			);
			mainGroup = 15AD7D6029F674CD00B4C511;
			packageReferences = (
				15F39D1029F8EB8600B0486B /* XCRemoteSwiftPackageReference "firebase-ios-sdk" */,
			);
			productRefGroup = 15AD7D6A29F674CD00B4C511 /* Products */;
			projectDirPath = "";
			projectRoot = "";
			targets = (
				15AD7D6829F674CD00B4C511 /* FireBaseLearning */,
			);
		};
/* End PBXProject section */

/* Begin PBXResourcesBuildPhase section */
		15AD7D6729F674CD00B4C511 /* Resources */ = {
			isa = PBXResourcesBuildPhase;
			buildActionMask = 2147483647;
			files = (
				15AD7D7429F674CE00B4C511 /* Preview Assets.xcassets in Resources */,
				15AD7D7129F674CE00B4C511 /* Assets.xcassets in Resources */,
				15F39D0F29F8EA5C00B0486B /* GoogleService-Info.plist in Resources */,
			);
			runOnlyForDeploymentPostprocessing = 0;
		};
/* End PBXResourcesBuildPhase section */

/* Begin PBXSourcesBuildPhase section */
		15AD7D6529F674CD00B4C511 /* Sources */ = {
			isa = PBXSourcesBuildPhase;
			buildActionMask = 2147483647;
			files = (
				15F39D2A29F9081B00B0486B /* RootView.swift in Sources */,
				15F39D2829F8FFAB00B0486B /* AuthManager.swift in Sources */,
				15F39D2E29F90FEF00B0486B /* LogOutView.swift in Sources */,
				15F39D1A29F8EBC100B0486B /* AppDelegate.swift in Sources */,
				15F39D2229F8FA8B00B0486B /* SignInViewModel.swift in Sources */,
				15F39D2C29F9087C00B0486B /* SignUpViewModel.swift in Sources */,
				15F39D2529F8FAA000B0486B /* SignInModel.swift in Sources */,
				15F39D1D29F8F94A00B0486B /* SignInView.swift in Sources */,
				15AD7D6D29F674CD00B4C511 /* FireBaseLearningApp.swift in Sources */,
				15F39D3029F9106400B0486B /* LogOutViewModel.swift in Sources */,
				15F39D1F29F8FA5700B0486B /* EmailView.swift in Sources */,
			);
			runOnlyForDeploymentPostprocessing = 0;
		};
/* End PBXSourcesBuildPhase section */

/* Begin XCBuildConfiguration section */
		15AD7D7529F674CE00B4C511 /* Debug */ = {
			isa = XCBuildConfiguration;
			buildSettings = {
				ALWAYS_SEARCH_USER_PATHS = NO;
				CLANG_ANALYZER_NONNULL = YES;
				CLANG_ANALYZER_NUMBER_OBJECT_CONVERSION = YES_AGGRESSIVE;
				CLANG_CXX_LANGUAGE_STANDARD = "gnu++20";
				CLANG_ENABLE_MODULES = YES;
				CLANG_ENABLE_OBJC_ARC = YES;
				CLANG_ENABLE_OBJC_WEAK = YES;
				CLANG_WARN_BLOCK_CAPTURE_AUTORELEASING = YES;
				CLANG_WARN_BOOL_CONVERSION = YES;
				CLANG_WARN_COMMA = YES;
				CLANG_WARN_CONSTANT_CONVERSION = YES;
				CLANG_WARN_DEPRECATED_OBJC_IMPLEMENTATIONS = YES;
				CLANG_WARN_DIRECT_OBJC_ISA_USAGE = YES_ERROR;
				CLANG_WARN_DOCUMENTATION_COMMENTS = YES;
				CLANG_WARN_EMPTY_BODY = YES;
				CLANG_WARN_ENUM_CONVERSION = YES;
				CLANG_WARN_INFINITE_RECURSION = YES;
				CLANG_WARN_INT_CONVERSION = YES;
				CLANG_WARN_NON_LITERAL_NULL_CONVERSION = YES;
				CLANG_WARN_OBJC_IMPLICIT_RETAIN_SELF = YES;
				CLANG_WARN_OBJC_LITERAL_CONVERSION = YES;
				CLANG_WARN_OBJC_ROOT_CLASS = YES_ERROR;
				CLANG_WARN_QUOTED_INCLUDE_IN_FRAMEWORK_HEADER = YES;
				CLANG_WARN_RANGE_LOOP_ANALYSIS = YES;
				CLANG_WARN_STRICT_PROTOTYPES = YES;
				CLANG_WARN_SUSPICIOUS_MOVE = YES;
				CLANG_WARN_UNGUARDED_AVAILABILITY = YES_AGGRESSIVE;
				CLANG_WARN_UNREACHABLE_CODE = YES;
				CLANG_WARN__DUPLICATE_METHOD_MATCH = YES;
				COPY_PHASE_STRIP = NO;
				DEBUG_INFORMATION_FORMAT = dwarf;
				ENABLE_STRICT_OBJC_MSGSEND = YES;
				ENABLE_TESTABILITY = YES;
				GCC_C_LANGUAGE_STANDARD = gnu11;
				GCC_DYNAMIC_NO_PIC = NO;
				GCC_NO_COMMON_BLOCKS = YES;
				GCC_OPTIMIZATION_LEVEL = 0;
				GCC_PREPROCESSOR_DEFINITIONS = (
					"DEBUG=1",
					"$(inherited)",
				);
				GCC_WARN_64_TO_32_BIT_CONVERSION = YES;
				GCC_WARN_ABOUT_RETURN_TYPE = YES_ERROR;
				GCC_WARN_UNDECLARED_SELECTOR = YES;
				GCC_WARN_UNINITIALIZED_AUTOS = YES_AGGRESSIVE;
				GCC_WARN_UNUSED_FUNCTION = YES;
				GCC_WARN_UNUSED_VARIABLE = YES;
				IPHONEOS_DEPLOYMENT_TARGET = 16.4;
				MTL_ENABLE_DEBUG_INFO = INCLUDE_SOURCE;
				MTL_FAST_MATH = YES;
				ONLY_ACTIVE_ARCH = YES;
				SDKROOT = iphoneos;
				SWIFT_ACTIVE_COMPILATION_CONDITIONS = DEBUG;
				SWIFT_OPTIMIZATION_LEVEL = "-Onone";
			};
			name = Debug;
		};
		15AD7D7629F674CE00B4C511 /* Release */ = {
			isa = XCBuildConfiguration;
			buildSettings = {
				ALWAYS_SEARCH_USER_PATHS = NO;
				CLANG_ANALYZER_NONNULL = YES;
				CLANG_ANALYZER_NUMBER_OBJECT_CONVERSION = YES_AGGRESSIVE;
				CLANG_CXX_LANGUAGE_STANDARD = "gnu++20";
				CLANG_ENABLE_MODULES = YES;
				CLANG_ENABLE_OBJC_ARC = YES;
				CLANG_ENABLE_OBJC_WEAK = YES;
				CLANG_WARN_BLOCK_CAPTURE_AUTORELEASING = YES;
				CLANG_WARN_BOOL_CONVERSION = YES;
				CLANG_WARN_COMMA = YES;
				CLANG_WARN_CONSTANT_CONVERSION = YES;
				CLANG_WARN_DEPRECATED_OBJC_IMPLEMENTATIONS = YES;
				CLANG_WARN_DIRECT_OBJC_ISA_USAGE = YES_ERROR;
				CLANG_WARN_DOCUMENTATION_COMMENTS = YES;
				CLANG_WARN_EMPTY_BODY = YES;
				CLANG_WARN_ENUM_CONVERSION = YES;
				CLANG_WARN_INFINITE_RECURSION = YES;
				CLANG_WARN_INT_CONVERSION = YES;
				CLANG_WARN_NON_LITERAL_NULL_CONVERSION = YES;
				CLANG_WARN_OBJC_IMPLICIT_RETAIN_SELF = YES;
				CLANG_WARN_OBJC_LITERAL_CONVERSION = YES;
				CLANG_WARN_OBJC_ROOT_CLASS = YES_ERROR;
				CLANG_WARN_QUOTED_INCLUDE_IN_FRAMEWORK_HEADER = YES;
				CLANG_WARN_RANGE_LOOP_ANALYSIS = YES;
				CLANG_WARN_STRICT_PROTOTYPES = YES;
				CLANG_WARN_SUSPICIOUS_MOVE = YES;
				CLANG_WARN_UNGUARDED_AVAILABILITY = YES_AGGRESSIVE;
				CLANG_WARN_UNREACHABLE_CODE = YES;
				CLANG_WARN__DUPLICATE_METHOD_MATCH = YES;
				COPY_PHASE_STRIP = NO;
				DEBUG_INFORMATION_FORMAT = "dwarf-with-dsym";
				ENABLE_NS_ASSERTIONS = NO;
				ENABLE_STRICT_OBJC_MSGSEND = YES;
				GCC_C_LANGUAGE_STANDARD = gnu11;
				GCC_NO_COMMON_BLOCKS = YES;
				GCC_WARN_64_TO_32_BIT_CONVERSION = YES;
				GCC_WARN_ABOUT_RETURN_TYPE = YES_ERROR;
				GCC_WARN_UNDECLARED_SELECTOR = YES;
				GCC_WARN_UNINITIALIZED_AUTOS = YES_AGGRESSIVE;
				GCC_WARN_UNUSED_FUNCTION = YES;
				GCC_WARN_UNUSED_VARIABLE = YES;
				IPHONEOS_DEPLOYMENT_TARGET = 16.4;
				MTL_ENABLE_DEBUG_INFO = NO;
				MTL_FAST_MATH = YES;
				SDKROOT = iphoneos;
				SWIFT_COMPILATION_MODE = wholemodule;
				SWIFT_OPTIMIZATION_LEVEL = "-O";
				VALIDATE_PRODUCT = YES;
			};
			name = Release;
		};
		15AD7D7829F674CE00B4C511 /* Debug */ = {
			isa = XCBuildConfiguration;
			buildSettings = {
				ASSETCATALOG_COMPILER_APPICON_NAME = AppIcon;
				ASSETCATALOG_COMPILER_GLOBAL_ACCENT_COLOR_NAME = AccentColor;
				CODE_SIGN_STYLE = Automatic;
				CURRENT_PROJECT_VERSION = 1;
				DEVELOPMENT_ASSET_PATHS = "\"FireBaseLearning/Preview Content\"";
				ENABLE_PREVIEWS = YES;
				GENERATE_INFOPLIST_FILE = YES;
				INFOPLIST_KEY_UIApplicationSceneManifest_Generation = YES;
				INFOPLIST_KEY_UIApplicationSupportsIndirectInputEvents = YES;
				INFOPLIST_KEY_UILaunchScreen_Generation = YES;
				INFOPLIST_KEY_UISupportedInterfaceOrientations_iPad = "UIInterfaceOrientationPortrait UIInterfaceOrientationPortraitUpsideDown UIInterfaceOrientationLandscapeLeft UIInterfaceOrientationLandscapeRight";
				INFOPLIST_KEY_UISupportedInterfaceOrientations_iPhone = "UIInterfaceOrientationPortrait UIInterfaceOrientationLandscapeLeft UIInterfaceOrientationLandscapeRight";
				LD_RUNPATH_SEARCH_PATHS = (
					"$(inherited)",
					"@executable_path/Frameworks",
				);
				MARKETING_VERSION = 1.0;
				PRODUCT_BUNDLE_IDENTIFIER = testswift.FireBaseLearning;
				PRODUCT_NAME = "$(TARGET_NAME)";
				SWIFT_EMIT_LOC_STRINGS = YES;
				SWIFT_VERSION = 5.0;
				TARGETED_DEVICE_FAMILY = "1,2";
			};
			name = Debug;
		};
		15AD7D7929F674CE00B4C511 /* Release */ = {
			isa = XCBuildConfiguration;
			buildSettings = {
				ASSETCATALOG_COMPILER_APPICON_NAME = AppIcon;
				ASSETCATALOG_COMPILER_GLOBAL_ACCENT_COLOR_NAME = AccentColor;
				CODE_SIGN_STYLE = Automatic;
				CURRENT_PROJECT_VERSION = 1;
				DEVELOPMENT_ASSET_PATHS = "\"FireBaseLearning/Preview Content\"";
				ENABLE_PREVIEWS = YES;
				GENERATE_INFOPLIST_FILE = YES;
				INFOPLIST_KEY_UIApplicationSceneManifest_Generation = YES;
				INFOPLIST_KEY_UIApplicationSupportsIndirectInputEvents = YES;
				INFOPLIST_KEY_UILaunchScreen_Generation = YES;
				INFOPLIST_KEY_UISupportedInterfaceOrientations_iPad = "UIInterfaceOrientationPortrait UIInterfaceOrientationPortraitUpsideDown UIInterfaceOrientationLandscapeLeft UIInterfaceOrientationLandscapeRight";
				INFOPLIST_KEY_UISupportedInterfaceOrientations_iPhone = "UIInterfaceOrientationPortrait UIInterfaceOrientationLandscapeLeft UIInterfaceOrientationLandscapeRight";
				LD_RUNPATH_SEARCH_PATHS = (
					"$(inherited)",
					"@executable_path/Frameworks",
				);
				MARKETING_VERSION = 1.0;
				PRODUCT_BUNDLE_IDENTIFIER = testswift.FireBaseLearning;
				PRODUCT_NAME = "$(TARGET_NAME)";
				SWIFT_EMIT_LOC_STRINGS = YES;
				SWIFT_VERSION = 5.0;
				TARGETED_DEVICE_FAMILY = "1,2";
			};
			name = Release;
		};
/* End XCBuildConfiguration section */

/* Begin XCConfigurationList section */
		15AD7D6429F674CD00B4C511 /* Build configuration list for PBXProject "FireBaseLearning" */ = {
			isa = XCConfigurationList;
			buildConfigurations = (
				15AD7D7529F674CE00B4C511 /* Debug */,
				15AD7D7629F674CE00B4C511 /* Release */,
			);
			defaultConfigurationIsVisible = 0;
			defaultConfigurationName = Release;
		};
		15AD7D7729F674CE00B4C511 /* Build configuration list for PBXNativeTarget "FireBaseLearning" */ = {
			isa = XCConfigurationList;
			buildConfigurations = (
				15AD7D7829F674CE00B4C511 /* Debug */,
				15AD7D7929F674CE00B4C511 /* Release */,
			);
			defaultConfigurationIsVisible = 0;
			defaultConfigurationName = Release;
		};
/* End XCConfigurationList section */

/* Begin XCRemoteSwiftPackageReference section */
		15F39D1029F8EB8600B0486B /* XCRemoteSwiftPackageReference "firebase-ios-sdk" */ = {
			isa = XCRemoteSwiftPackageReference;
			repositoryURL = "https://github.com/firebase/firebase-ios-sdk.git";
			requirement = {
				kind = upToNextMajorVersion;
				minimumVersion = 10.0.0;
			};
		};
/* End XCRemoteSwiftPackageReference section */

/* Begin XCSwiftPackageProductDependency section */
		15F39D1129F8EB8600B0486B /* FirebaseAnalytics */ = {
			isa = XCSwiftPackageProductDependency;
			package = 15F39D1029F8EB8600B0486B /* XCRemoteSwiftPackageReference "firebase-ios-sdk" */;
			productName = FirebaseAnalytics;
		};
		15F39D1329F8EB8600B0486B /* FirebaseAnalyticsSwift */ = {
			isa = XCSwiftPackageProductDependency;
			package = 15F39D1029F8EB8600B0486B /* XCRemoteSwiftPackageReference "firebase-ios-sdk" */;
			productName = FirebaseAnalyticsSwift;
		};
		15F39D1529F8EB8600B0486B /* FirebaseAnalyticsWithoutAdIdSupport */ = {
			isa = XCSwiftPackageProductDependency;
			package = 15F39D1029F8EB8600B0486B /* XCRemoteSwiftPackageReference "firebase-ios-sdk" */;
			productName = FirebaseAnalyticsWithoutAdIdSupport;
		};
		15F39D1729F8EB8600B0486B /* FirebaseAuth */ = {
			isa = XCSwiftPackageProductDependency;
			package = 15F39D1029F8EB8600B0486B /* XCRemoteSwiftPackageReference "firebase-ios-sdk" */;
			productName = FirebaseAuth;
		};
/* End XCSwiftPackageProductDependency section */
	};
	rootObject = 15AD7D6129F674CD00B4C511 /* Project object */;
}
